{
  "name": "ok",
  "version": "1.0.0",
  "lockfileVersion": 2,
  "requires": true,
  "packages": {
    "": {
      "name": "ok",
      "version": "1.0.0",
      "license": "ISC",
      "dependencies": {
        "hex-to-hsl": "^1.0.2"
      }
    },
    "node_modules/hex-to-hsl": {
      "version": "1.0.2",
      "resolved": "https://registry.npmjs.org/hex-to-hsl/-/hex-to-hsl-1.0.2.tgz",
      "integrity": "sha1-1cWezgAXhEToIcj8WKQwr8CYMcI=",
      "dependencies": {
        "hex-to-rgb": "^1.0.1",
        "rgb-to-hsl": "0.0.2"
      }
    },
    "node_modules/hex-to-rgb": {
      "version": "1.0.1",
      "resolved": "https://registry.npmjs.org/hex-to-rgb/-/hex-to-rgb-1.0.1.tgz",
      "integrity": "sha1-EAud8SazLydirfhIa+aMZe+O0qQ="
    },
    "node_modules/rgb-to-hsl": {
      "version": "0.0.2",
      "resolved": "https://registry.npmjs.org/rgb-to-hsl/-/rgb-to-hsl-0.0.2.tgz",
      "integrity": "sha1-Nvn8KGN2uQrMRX5pkAW0y0LTUOw="
    }
  },
  "dependencies": {
    "hex-to-hsl": {
      "version": "1.0.2",
      "resolved": "https://registry.npmjs.org/hex-to-hsl/-/hex-to-hsl-1.0.2.tgz",
      "integrity": "sha1-1cWezgAXhEToIcj8WKQwr8CYMcI=",
      "requires": {
        "hex-to-rgb": "^1.0.1",
        "rgb-to-hsl": "0.0.2"
      }
    },
    "hex-to-rgb": {
      "version": "1.0.1",
      "resolved": "https://registry.npmjs.org/hex-to-rgb/-/hex-to-rgb-1.0.1.tgz",
      "integrity": "sha1-EAud8SazLydirfhIa+aMZe+O0qQ="
    },
    "rgb-to-hsl": {
      "version": "0.0.2",
      "resolved": "https://registry.npmjs.org/rgb-to-hsl/-/rgb-to-hsl-0.0.2.tgz",
      "integrity": "sha1-Nvn8KGN2uQrMRX5pkAW0y0LTUOw="
    }
  }
}
