{
  "requires": true,
  "lockfileVersion": 1,
  "dependencies": {
    "monaco-editor": {
      "version": "0.27.0",
      "resolved": "https://registry.npmjs.org/monaco-editor/-/monaco-editor-0.27.0.tgz",
      "integrity": "sha512-UhwP78Wb8w0ZSYoKXQNTV/0CHObp6NS3nCt51QfKE6sKyBo5PBsvuDOHoI2ooBakc6uIwByRLHVeT7+yXQe2fQ=="
    }
  }
}
